
Microsoft Visual Studio Solution File, Format Version 12.00
# Visual Studio 15
VisualStudioVersion = 15.0.28307.572
MinimumVisualStudioVersion = 10.0.40219.1
Project("{FAE04EC0-301F-11D3-BF4B-00C04F79EFBC}") = "TMC", "TMC\TMC.csproj", "{62D8AE94-8D31-46B4-97CA-13307BE3CE2C}"
EndProject
Global
	GlobalSection(SolutionConfigurationPlatforms) = preSolution
		Debug|Any CPU = Debug|Any CPU
		Release|Any CPU = Release|Any CPU
	EndGlobalSection
	GlobalSection(ProjectConfigurationPlatforms) = postSolution
		{62D8AE94-8D31-46B4-97CA-13307BE3CE2C}.Debug|Any CPU.ActiveCfg = Debug|Any CPU
		{62D8AE94-8D31-46B4-97CA-13307BE3CE2C}.Debug|Any CPU.Build.0 = Debug|Any CPU
		{62D8AE94-8D31-46B4-97CA-13307BE3CE2C}.Release|Any CPU.ActiveCfg = Release|Any CPU
		{62D8AE94-8D31-46B4-97CA-13307BE3CE2C}.Release|Any CPU.Build.0 = Release|Any CPU
	EndGlobalSection
	GlobalSection(SolutionProperties) = preSolution
		HideSolutionNode = FALSE
	EndGlobalSection
	GlobalSection(ExtensibilityGlobals) = postSolution
		SolutionGuid = {C0121D0C-6470-4F4D-B3CF-DF09AD8C53E7}
	EndGlobalSection
EndGlobal
